
Microsoft Visual Studio Solution File, Format Version 12.00
# Visual Studio 15
VisualStudioVersion = 15.0.26430.13
MinimumVisualStudioVersion = 10.0.40219.1
Project("{9A19103F-16F7-4668-BE54-9A1E7A4F7556}") = "coursCSharp", "coursCSharp\coursCSharp.csproj", "{41F9B6DF-9EE9-423D-8EF6-704AC93372F2}"
EndProject
Project("{9A19103F-16F7-4668-BE54-9A1E7A4F7556}") = "CorrectionMediatheque", "CorrectionMediatheque\CorrectionMediatheque.csproj", "{215D08F3-8628-4575-97EA-52E252FAF5FE}"
EndProject
Project("{9A19103F-16F7-4668-BE54-9A1E7A4F7556}") = "CoursAdoNet", "CoursAdoNet\CoursAdoNet.csproj", "{954AF050-BCD6-4AB7-A71D-EA1C5F9F2D25}"
EndProject
Project("{9A19103F-16F7-4668-BE54-9A1E7A4F7556}") = "CorrectionAnnuaire", "CorrectionAnnuaire\CorrectionAnnuaire.csproj", "{02131F64-D4D9-4333-8365-42A3EC7C1012}"
EndProject
Project("{9A19103F-16F7-4668-BE54-9A1E7A4F7556}") = "CorrectionPanier", "CorrectionPanier\CorrectionPanier.csproj", "{6C4625A2-8A31-4656-81A2-E906D5B9EAE3}"
EndProject
Project("{9A19103F-16F7-4668-BE54-9A1E7A4F7556}") = "CoursCSharpTest", "CoursCSharpTest\CoursCSharpTest.csproj", "{B8FD50E1-5287-4151-A851-034D3A14D1F4}"
EndProject
Project("{9A19103F-16F7-4668-BE54-9A1E7A4F7556}") = "CorrectionBataille", "CorrectionBataille\CorrectionBataille.csproj", "{61F80965-83EF-42E5-8B52-63803BE12971}"
EndProject
Project("{9A19103F-16F7-4668-BE54-9A1E7A4F7556}") = "BatailleTest", "BatailleTest\BatailleTest.csproj", "{8DFD140C-9391-456D-8E3F-F1908F4B3AF7}"
EndProject
Project("{FAE04EC0-301F-11D3-BF4B-00C04F79EFBC}") = "CoursWPF", "CoursWPF\CoursWPF.csproj", "{ECE6BC7D-CF20-4FD1-BCDD-1DEBCAFAE39E}"
EndProject
Project("{FAE04EC0-301F-11D3-BF4B-00C04F79EFBC}") = "CorrectionBanque", "CorrectionBanque\CorrectionBanque.csproj", "{3E5387B0-52C2-42B0-A8FE-BE79B6115A33}"
EndProject
Project("{FAE04EC0-301F-11D3-BF4B-00C04F79EFBC}") = "CoursWPFContext", "CoursWPFContext\CoursWPFContext.csproj", "{270AF429-AA4B-47D1-B8FB-34815AF1F208}"
EndProject
Project("{FAE04EC0-301F-11D3-BF4B-00C04F79EFBC}") = "PenduMVVM", "PenduMVVM\PenduMVVM.csproj", "{58A4192C-0135-4DE5-9D49-A2B848D8BFB6}"
EndProject
Project("{FAE04EC0-301F-11D3-BF4B-00C04F79EFBC}") = "CorrectionPanierWPF", "CorrectionBanqueWPF\CorrectionPanierWPF.csproj", "{4CE33D61-154E-4B45-A2FF-8E4B2DB7A0B0}"
EndProject
Project("{FAE04EC0-301F-11D3-BF4B-00C04F79EFBC}") = "CoursAspNetCore", "CoursAspNetCore\CoursAspNetCore.csproj", "{4354974F-2557-4EA9-8BC5-6C3312ED95E6}"
EndProject
Global
	GlobalSection(SolutionConfigurationPlatforms) = preSolution
		Debug|Any CPU = Debug|Any CPU
		Release|Any CPU = Release|Any CPU
	EndGlobalSection
	GlobalSection(ProjectConfigurationPlatforms) = postSolution
		{41F9B6DF-9EE9-423D-8EF6-704AC93372F2}.Debug|Any CPU.ActiveCfg = Debug|Any CPU
		{41F9B6DF-9EE9-423D-8EF6-704AC93372F2}.Debug|Any CPU.Build.0 = Debug|Any CPU
		{41F9B6DF-9EE9-423D-8EF6-704AC93372F2}.Release|Any CPU.ActiveCfg = Release|Any CPU
		{41F9B6DF-9EE9-423D-8EF6-704AC93372F2}.Release|Any CPU.Build.0 = Release|Any CPU
		{215D08F3-8628-4575-97EA-52E252FAF5FE}.Debug|Any CPU.ActiveCfg = Debug|Any CPU
		{215D08F3-8628-4575-97EA-52E252FAF5FE}.Debug|Any CPU.Build.0 = Debug|Any CPU
		{215D08F3-8628-4575-97EA-52E252FAF5FE}.Release|Any CPU.ActiveCfg = Release|Any CPU
		{215D08F3-8628-4575-97EA-52E252FAF5FE}.Release|Any CPU.Build.0 = Release|Any CPU
		{954AF050-BCD6-4AB7-A71D-EA1C5F9F2D25}.Debug|Any CPU.ActiveCfg = Debug|Any CPU
		{954AF050-BCD6-4AB7-A71D-EA1C5F9F2D25}.Debug|Any CPU.Build.0 = Debug|Any CPU
		{954AF050-BCD6-4AB7-A71D-EA1C5F9F2D25}.Release|Any CPU.ActiveCfg = Release|Any CPU
		{954AF050-BCD6-4AB7-A71D-EA1C5F9F2D25}.Release|Any CPU.Build.0 = Release|Any CPU
		{02131F64-D4D9-4333-8365-42A3EC7C1012}.Debug|Any CPU.ActiveCfg = Debug|Any CPU
		{02131F64-D4D9-4333-8365-42A3EC7C1012}.Debug|Any CPU.Build.0 = Debug|Any CPU
		{02131F64-D4D9-4333-8365-42A3EC7C1012}.Release|Any CPU.ActiveCfg = Release|Any CPU
		{02131F64-D4D9-4333-8365-42A3EC7C1012}.Release|Any CPU.Build.0 = Release|Any CPU
		{6C4625A2-8A31-4656-81A2-E906D5B9EAE3}.Debug|Any CPU.ActiveCfg = Debug|Any CPU
		{6C4625A2-8A31-4656-81A2-E906D5B9EAE3}.Debug|Any CPU.Build.0 = Debug|Any CPU
		{6C4625A2-8A31-4656-81A2-E906D5B9EAE3}.Release|Any CPU.ActiveCfg = Release|Any CPU
		{6C4625A2-8A31-4656-81A2-E906D5B9EAE3}.Release|Any CPU.Build.0 = Release|Any CPU
		{B8FD50E1-5287-4151-A851-034D3A14D1F4}.Debug|Any CPU.ActiveCfg = Debug|Any CPU
		{B8FD50E1-5287-4151-A851-034D3A14D1F4}.Debug|Any CPU.Build.0 = Debug|Any CPU
		{B8FD50E1-5287-4151-A851-034D3A14D1F4}.Release|Any CPU.ActiveCfg = Release|Any CPU
		{B8FD50E1-5287-4151-A851-034D3A14D1F4}.Release|Any CPU.Build.0 = Release|Any CPU
		{61F80965-83EF-42E5-8B52-63803BE12971}.Debug|Any CPU.ActiveCfg = Debug|Any CPU
		{61F80965-83EF-42E5-8B52-63803BE12971}.Debug|Any CPU.Build.0 = Debug|Any CPU
		{61F80965-83EF-42E5-8B52-63803BE12971}.Release|Any CPU.ActiveCfg = Release|Any CPU
		{61F80965-83EF-42E5-8B52-63803BE12971}.Release|Any CPU.Build.0 = Release|Any CPU
		{8DFD140C-9391-456D-8E3F-F1908F4B3AF7}.Debug|Any CPU.ActiveCfg = Debug|Any CPU
		{8DFD140C-9391-456D-8E3F-F1908F4B3AF7}.Debug|Any CPU.Build.0 = Debug|Any CPU
		{8DFD140C-9391-456D-8E3F-F1908F4B3AF7}.Release|Any CPU.ActiveCfg = Release|Any CPU
		{8DFD140C-9391-456D-8E3F-F1908F4B3AF7}.Release|Any CPU.Build.0 = Release|Any CPU
		{ECE6BC7D-CF20-4FD1-BCDD-1DEBCAFAE39E}.Debug|Any CPU.ActiveCfg = Debug|Any CPU
		{ECE6BC7D-CF20-4FD1-BCDD-1DEBCAFAE39E}.Debug|Any CPU.Build.0 = Debug|Any CPU
		{ECE6BC7D-CF20-4FD1-BCDD-1DEBCAFAE39E}.Release|Any CPU.ActiveCfg = Release|Any CPU
		{ECE6BC7D-CF20-4FD1-BCDD-1DEBCAFAE39E}.Release|Any CPU.Build.0 = Release|Any CPU
		{3E5387B0-52C2-42B0-A8FE-BE79B6115A33}.Debug|Any CPU.ActiveCfg = Debug|Any CPU
		{3E5387B0-52C2-42B0-A8FE-BE79B6115A33}.Debug|Any CPU.Build.0 = Debug|Any CPU
		{3E5387B0-52C2-42B0-A8FE-BE79B6115A33}.Release|Any CPU.ActiveCfg = Release|Any CPU
		{3E5387B0-52C2-42B0-A8FE-BE79B6115A33}.Release|Any CPU.Build.0 = Release|Any CPU
		{270AF429-AA4B-47D1-B8FB-34815AF1F208}.Debug|Any CPU.ActiveCfg = Debug|Any CPU
		{270AF429-AA4B-47D1-B8FB-34815AF1F208}.Debug|Any CPU.Build.0 = Debug|Any CPU
		{270AF429-AA4B-47D1-B8FB-34815AF1F208}.Release|Any CPU.ActiveCfg = Release|Any CPU
		{270AF429-AA4B-47D1-B8FB-34815AF1F208}.Release|Any CPU.Build.0 = Release|Any CPU
		{58A4192C-0135-4DE5-9D49-A2B848D8BFB6}.Debug|Any CPU.ActiveCfg = Debug|Any CPU
		{58A4192C-0135-4DE5-9D49-A2B848D8BFB6}.Debug|Any CPU.Build.0 = Debug|Any CPU
		{58A4192C-0135-4DE5-9D49-A2B848D8BFB6}.Release|Any CPU.ActiveCfg = Release|Any CPU
		{58A4192C-0135-4DE5-9D49-A2B848D8BFB6}.Release|Any CPU.Build.0 = Release|Any CPU
		{4CE33D61-154E-4B45-A2FF-8E4B2DB7A0B0}.Debug|Any CPU.ActiveCfg = Debug|Any CPU
		{4CE33D61-154E-4B45-A2FF-8E4B2DB7A0B0}.Debug|Any CPU.Build.0 = Debug|Any CPU
		{4CE33D61-154E-4B45-A2FF-8E4B2DB7A0B0}.Release|Any CPU.ActiveCfg = Release|Any CPU
		{4CE33D61-154E-4B45-A2FF-8E4B2DB7A0B0}.Release|Any CPU.Build.0 = Release|Any CPU
		{4354974F-2557-4EA9-8BC5-6C3312ED95E6}.Debug|Any CPU.ActiveCfg = Debug|Any CPU
		{4354974F-2557-4EA9-8BC5-6C3312ED95E6}.Debug|Any CPU.Build.0 = Debug|Any CPU
		{4354974F-2557-4EA9-8BC5-6C3312ED95E6}.Release|Any CPU.ActiveCfg = Release|Any CPU
		{4354974F-2557-4EA9-8BC5-6C3312ED95E6}.Release|Any CPU.Build.0 = Release|Any CPU
	EndGlobalSection
	GlobalSection(SolutionProperties) = preSolution
		HideSolutionNode = FALSE
	EndGlobalSection
	GlobalSection(ExtensibilityGlobals) = postSolution
		SolutionGuid = {3A613157-A4A8-4C20-8BFE-09FB4B74ED8B}
	EndGlobalSection
EndGlobal
